
Microsoft Visual Studio Solution File, Format Version 12.00
# Visual Studio Version 16
VisualStudioVersion = 16.0.29519.181
MinimumVisualStudioVersion = 10.0.40219.1
Project("{FAE04EC0-301F-11D3-BF4B-00C04F79EFBC}") = "Calcolatrice", "Calcolatrice\Calcolatrice.csproj", "{BE60530F-FE34-47C4-AF88-D679D7DF955C}"
EndProject
Global
	GlobalSection(SolutionConfigurationPlatforms) = preSolution
		Debug|Any CPU = Debug|Any CPU
		Release|Any CPU = Release|Any CPU
	EndGlobalSection
	GlobalSection(ProjectConfigurationPlatforms) = postSolution
		{BE60530F-FE34-47C4-AF88-D679D7DF955C}.Debug|Any CPU.ActiveCfg = Debug|Any CPU
		{BE60530F-FE34-47C4-AF88-D679D7DF955C}.Debug|Any CPU.Build.0 = Debug|Any CPU
		{BE60530F-FE34-47C4-AF88-D679D7DF955C}.Release|Any CPU.ActiveCfg = Release|Any CPU
		{BE60530F-FE34-47C4-AF88-D679D7DF955C}.Release|Any CPU.Build.0 = Release|Any CPU
	EndGlobalSection
	GlobalSection(SolutionProperties) = preSolution
		HideSolutionNode = FALSE
	EndGlobalSection
	GlobalSection(ExtensibilityGlobals) = postSolution
		SolutionGuid = {281529B8-30B1-4CCE-B91F-B4C290ADBC75}
	EndGlobalSection
EndGlobal
